
Microsoft Visual Studio Solution File, Format Version 12.00
# Visual Studio Version 16
VisualStudioVersion = 16.0.29123.88
MinimumVisualStudioVersion = 10.0.40219.1
Project("{9A19103F-16F7-4668-BE54-9A1E7A4F7556}") = "PatientsEvidence.Secondary.Angular", "PatientsEvidence\PatientsEvidence.Secondary.Angular.csproj", "{C3972817-BD71-450E-BCD8-07DE0E013B01}"
EndProject
Project("{9A19103F-16F7-4668-BE54-9A1E7A4F7556}") = "ApplicationCore", "ApplicationCore\ApplicationCore.csproj", "{08026863-757A-4621-AF6E-8C65A847579C}"
EndProject
Project("{9A19103F-16F7-4668-BE54-9A1E7A4F7556}") = "ApplicationRepository", "ApplicationRepository\ApplicationRepository.csproj", "{8469286B-97E0-4F5D-81A5-FC4077B2AB9A}"
EndProject
Project("{9A19103F-16F7-4668-BE54-9A1E7A4F7556}") = "BussinessLogic", "BussinessLogic\BussinessLogic.csproj", "{DDB5AD32-B6E2-4514-9A9E-E66DB8D979DD}"
EndProject
Project("{9A19103F-16F7-4668-BE54-9A1E7A4F7556}") = "PatientsEvidence.Primary.MVC", "PatientsEvidence.MVC\PatientsEvidence.Primary.MVC.csproj", "{D57795AB-6BFD-4658-88BB-1B8A6FBEDE13}"
EndProject
Global
	GlobalSection(SolutionConfigurationPlatforms) = preSolution
		Debug|Any CPU = Debug|Any CPU
		Release|Any CPU = Release|Any CPU
	EndGlobalSection
	GlobalSection(ProjectConfigurationPlatforms) = postSolution
		{C3972817-BD71-450E-BCD8-07DE0E013B01}.Debug|Any CPU.ActiveCfg = Debug|Any CPU
		{C3972817-BD71-450E-BCD8-07DE0E013B01}.Debug|Any CPU.Build.0 = Debug|Any CPU
		{C3972817-BD71-450E-BCD8-07DE0E013B01}.Release|Any CPU.ActiveCfg = Release|Any CPU
		{C3972817-BD71-450E-BCD8-07DE0E013B01}.Release|Any CPU.Build.0 = Release|Any CPU
		{08026863-757A-4621-AF6E-8C65A847579C}.Debug|Any CPU.ActiveCfg = Debug|Any CPU
		{08026863-757A-4621-AF6E-8C65A847579C}.Debug|Any CPU.Build.0 = Debug|Any CPU
		{08026863-757A-4621-AF6E-8C65A847579C}.Release|Any CPU.ActiveCfg = Release|Any CPU
		{08026863-757A-4621-AF6E-8C65A847579C}.Release|Any CPU.Build.0 = Release|Any CPU
		{8469286B-97E0-4F5D-81A5-FC4077B2AB9A}.Debug|Any CPU.ActiveCfg = Debug|Any CPU
		{8469286B-97E0-4F5D-81A5-FC4077B2AB9A}.Debug|Any CPU.Build.0 = Debug|Any CPU
		{8469286B-97E0-4F5D-81A5-FC4077B2AB9A}.Release|Any CPU.ActiveCfg = Release|Any CPU
		{8469286B-97E0-4F5D-81A5-FC4077B2AB9A}.Release|Any CPU.Build.0 = Release|Any CPU
		{DDB5AD32-B6E2-4514-9A9E-E66DB8D979DD}.Debug|Any CPU.ActiveCfg = Debug|Any CPU
		{DDB5AD32-B6E2-4514-9A9E-E66DB8D979DD}.Debug|Any CPU.Build.0 = Debug|Any CPU
		{DDB5AD32-B6E2-4514-9A9E-E66DB8D979DD}.Release|Any CPU.ActiveCfg = Release|Any CPU
		{DDB5AD32-B6E2-4514-9A9E-E66DB8D979DD}.Release|Any CPU.Build.0 = Release|Any CPU
		{D57795AB-6BFD-4658-88BB-1B8A6FBEDE13}.Debug|Any CPU.ActiveCfg = Debug|Any CPU
		{D57795AB-6BFD-4658-88BB-1B8A6FBEDE13}.Debug|Any CPU.Build.0 = Debug|Any CPU
		{D57795AB-6BFD-4658-88BB-1B8A6FBEDE13}.Release|Any CPU.ActiveCfg = Release|Any CPU
		{D57795AB-6BFD-4658-88BB-1B8A6FBEDE13}.Release|Any CPU.Build.0 = Release|Any CPU
	EndGlobalSection
	GlobalSection(SolutionProperties) = preSolution
		HideSolutionNode = FALSE
	EndGlobalSection
	GlobalSection(ExtensibilityGlobals) = postSolution
		SolutionGuid = {16B5237B-059B-4DAB-8795-564B7519F94E}
	EndGlobalSection
EndGlobal
